// !$*UTF8*$!
{
	archiveVersion = 1;
	classes = {
	};
	objectVersion = 56;
	objects = {

/* Begin PBXBuildFile section */
		643EFFA92B1C9B7B00692E50 /* FrameworkTitleView.swift in Sources */ = {isa = PBXBuildFile; fileRef = 643EFFA82B1C9B7B00692E50 /* FrameworkTitleView.swift */; };
		643EFFAB2B1C9C1700692E50 /* XDismissButton.swift in Sources */ = {isa = PBXBuildFile; fileRef = 643EFFAA2B1C9C1700692E50 /* XDismissButton.swift */; };
		64825F292B19B468001AA928 /* SafariView.swift in Sources */ = {isa = PBXBuildFile; fileRef = 64825F282B19B468001AA928 /* SafariView.swift */; };
		64924F0D2B186C2300CDD7A1 /* Apple_FrameworksApp.swift in Sources */ = {isa = PBXBuildFile; fileRef = 64924F0C2B186C2300CDD7A1 /* Apple_FrameworksApp.swift */; };
		64924F112B186C2400CDD7A1 /* Assets.xcassets in Resources */ = {isa = PBXBuildFile; fileRef = 64924F102B186C2400CDD7A1 /* Assets.xcassets */; };
		64924F142B186C2400CDD7A1 /* Preview Assets.xcassets in Resources */ = {isa = PBXBuildFile; fileRef = 64924F132B186C2400CDD7A1 /* Preview Assets.xcassets */; };
		64924F1B2B186C4000CDD7A1 /* Framework.swift in Sources */ = {isa = PBXBuildFile; fileRef = 64924F1A2B186C4000CDD7A1 /* Framework.swift */; };
		64924F1D2B186EF300CDD7A1 /* FrameworkGridView.swift in Sources */ = {isa = PBXBuildFile; fileRef = 64924F1C2B186EF300CDD7A1 /* FrameworkGridView.swift */; };
		64924F1F2B187B2700CDD7A1 /* DetailScreen.swift in Sources */ = {isa = PBXBuildFile; fileRef = 64924F1E2B187B2700CDD7A1 /* DetailScreen.swift */; };
		64971A8E2B18B0FC00BFC6A6 /* FrameworkGridViewModel.swift in Sources */ = {isa = PBXBuildFile; fileRef = 64971A8D2B18B0FC00BFC6A6 /* FrameworkGridViewModel.swift */; };
		64D434592B18A39B00F8946F /* AFButton.swift in Sources */ = {isa = PBXBuildFile; fileRef = 64D434582B18A39B00F8946F /* AFButton.swift */; };
/* End PBXBuildFile section */

/* Begin PBXFileReference section */
		643EFFA82B1C9B7B00692E50 /* FrameworkTitleView.swift */ = {isa = PBXFileReference; lastKnownFileType = sourcecode.swift; path = FrameworkTitleView.swift; sourceTree = "<group>"; };
		643EFFAA2B1C9C1700692E50 /* XDismissButton.swift */ = {isa = PBXFileReference; lastKnownFileType = sourcecode.swift; path = XDismissButton.swift; sourceTree = "<group>"; };
		64825F282B19B468001AA928 /* SafariView.swift */ = {isa = PBXFileReference; lastKnownFileType = sourcecode.swift; path = SafariView.swift; sourceTree = "<group>"; };
		64924F092B186C2300CDD7A1 /* Apple-Frameworks.app */ = {isa = PBXFileReference; explicitFileType = wrapper.application; includeInIndex = 0; path = "Apple-Frameworks.app"; sourceTree = BUILT_PRODUCTS_DIR; };
		64924F0C2B186C2300CDD7A1 /* Apple_FrameworksApp.swift */ = {isa = PBXFileReference; lastKnownFileType = sourcecode.swift; path = Apple_FrameworksApp.swift; sourceTree = "<group>"; };
		64924F102B186C2400CDD7A1 /* Assets.xcassets */ = {isa = PBXFileReference; lastKnownFileType = folder.assetcatalog; path = Assets.xcassets; sourceTree = "<group>"; };
		64924F132B186C2400CDD7A1 /* Preview Assets.xcassets */ = {isa = PBXFileReference; lastKnownFileType = folder.assetcatalog; path = "Preview Assets.xcassets"; sourceTree = "<group>"; };
		64924F1A2B186C4000CDD7A1 /* Framework.swift */ = {isa = PBXFileReference; lastKnownFileType = sourcecode.swift; path = Framework.swift; sourceTree = "<group>"; };
		64924F1C2B186EF300CDD7A1 /* FrameworkGridView.swift */ = {isa = PBXFileReference; lastKnownFileType = sourcecode.swift; path = FrameworkGridView.swift; sourceTree = "<group>"; };
		64924F1E2B187B2700CDD7A1 /* DetailScreen.swift */ = {isa = PBXFileReference; lastKnownFileType = sourcecode.swift; path = DetailScreen.swift; sourceTree = "<group>"; };
		64971A8D2B18B0FC00BFC6A6 /* FrameworkGridViewModel.swift */ = {isa = PBXFileReference; lastKnownFileType = sourcecode.swift; path = FrameworkGridViewModel.swift; sourceTree = "<group>"; };
		64D434582B18A39B00F8946F /* AFButton.swift */ = {isa = PBXFileReference; lastKnownFileType = sourcecode.swift; path = AFButton.swift; sourceTree = "<group>"; };
/* End PBXFileReference section */

/* Begin PBXFrameworksBuildPhase section */
		64924F062B186C2300CDD7A1 /* Frameworks */ = {
			isa = PBXFrameworksBuildPhase;
			buildActionMask = 2147483647;
			files = (
			);
			runOnlyForDeploymentPostprocessing = 0;
		};
/* End PBXFrameworksBuildPhase section */

/* Begin PBXGroup section */
		643EFFAC2B1C9D4000692E50 /* Screens */ = {
			isa = PBXGroup;
			children = (
				643EFFAE2B1C9D8D00692E50 /* FrameworkDetailView */,
				643EFFAD2B1C9D4D00692E50 /* FrameworkGridView */,
			);
			path = Screens;
			sourceTree = "<group>";
		};
		643EFFAD2B1C9D4D00692E50 /* FrameworkGridView */ = {
			isa = PBXGroup;
			children = (
				64924F1C2B186EF300CDD7A1 /* FrameworkGridView.swift */,
				64971A8D2B18B0FC00BFC6A6 /* FrameworkGridViewModel.swift */,
			);
			path = FrameworkGridView;
			sourceTree = "<group>";
		};
		643EFFAE2B1C9D8D00692E50 /* FrameworkDetailView */ = {
			isa = PBXGroup;
			children = (
				64924F1E2B187B2700CDD7A1 /* DetailScreen.swift */,
			);
			path = FrameworkDetailView;
			sourceTree = "<group>";
		};
		643EFFAF2B1C9DD400692E50 /* Model */ = {
			isa = PBXGroup;
			children = (
				64924F1A2B186C4000CDD7A1 /* Framework.swift */,
			);
			path = Model;
			sourceTree = "<group>";
		};
		643EFFB02B1C9DE100692E50 /* Views */ = {
			isa = PBXGroup;
			children = (
				643EFFB22B1C9DFC00692E50 /* Buttons */,
				643EFFB12B1C9DEE00692E50 /* View */,
			);
			path = Views;
			sourceTree = "<group>";
		};
		643EFFB12B1C9DEE00692E50 /* View */ = {
			isa = PBXGroup;
			children = (
				643EFFA82B1C9B7B00692E50 /* FrameworkTitleView.swift */,
			);
			path = View;
			sourceTree = "<group>";
		};
		643EFFB22B1C9DFC00692E50 /* Buttons */ = {
			isa = PBXGroup;
			children = (
				643EFFAA2B1C9C1700692E50 /* XDismissButton.swift */,
				64D434582B18A39B00F8946F /* AFButton.swift */,
			);
			path = Buttons;
			sourceTree = "<group>";
		};
		643EFFB32B1C9E6000692E50 /* UIKit Components */ = {
			isa = PBXGroup;
			children = (
				64825F282B19B468001AA928 /* SafariView.swift */,
			);
			path = "UIKit Components";
			sourceTree = "<group>";
		};
		64924F002B186C2300CDD7A1 = {
			isa = PBXGroup;
			children = (
				64924F0B2B186C2300CDD7A1 /* Apple-Frameworks */,
				64924F0A2B186C2300CDD7A1 /* Products */,
			);
			sourceTree = "<group>";
		};
		64924F0A2B186C2300CDD7A1 /* Products */ = {
			isa = PBXGroup;
			children = (
				64924F092B186C2300CDD7A1 /* Apple-Frameworks.app */,
			);
			name = Products;
			sourceTree = "<group>";
		};
		64924F0B2B186C2300CDD7A1 /* Apple-Frameworks */ = {
			isa = PBXGroup;
			children = (
				643EFFB32B1C9E6000692E50 /* UIKit Components */,
				643EFFB02B1C9DE100692E50 /* Views */,
				643EFFAF2B1C9DD400692E50 /* Model */,
				643EFFAC2B1C9D4000692E50 /* Screens */,
				64924F0C2B186C2300CDD7A1 /* Apple_FrameworksApp.swift */,
				64924F102B186C2400CDD7A1 /* Assets.xcassets */,
				64924F122B186C2400CDD7A1 /* Preview Content */,
			);
			path = "Apple-Frameworks";
			sourceTree = "<group>";
		};
		64924F122B186C2400CDD7A1 /* Preview Content */ = {
			isa = PBXGroup;
			children = (
				64924F132B186C2400CDD7A1 /* Preview Assets.xcassets */,
			);
			path = "Preview Content";
			sourceTree = "<group>";
		};
/* End PBXGroup section */

/* Begin PBXNativeTarget section */
		64924F082B186C2300CDD7A1 /* Apple-Frameworks */ = {
			isa = PBXNativeTarget;
			buildConfigurationList = 64924F172B186C2400CDD7A1 /* Build configuration list for PBXNativeTarget "Apple-Frameworks" */;
			buildPhases = (
				64924F052B186C2300CDD7A1 /* Sources */,
				64924F062B186C2300CDD7A1 /* Frameworks */,
				64924F072B186C2300CDD7A1 /* Resources */,
			);
			buildRules = (
			);
			dependencies = (
			);
			name = "Apple-Frameworks";
			productName = "Apple-Frameworks";
			productReference = 64924F092B186C2300CDD7A1 /* Apple-Frameworks.app */;
			productType = "com.apple.product-type.application";
		};
/* End PBXNativeTarget section */

/* Begin PBXProject section */
		64924F012B186C2300CDD7A1 /* Project object */ = {
			isa = PBXProject;
			attributes = {
				BuildIndependentTargetsInParallel = NO;
				LastSwiftUpdateCheck = 1500;
				LastUpgradeCheck = 1500;
				TargetAttributes = {
					64924F082B186C2300CDD7A1 = {
						CreatedOnToolsVersion = 15.0.1;
					};
				};
			};
			buildConfigurationList = 64924F042B186C2300CDD7A1 /* Build configuration list for PBXProject "Apple-Frameworks" */;
			compatibilityVersion = "Xcode 14.0";
			developmentRegion = en;
			hasScannedForEncodings = 0;
			knownRegions = (
				en,
				Base,
			);
			mainGroup = 64924F002B186C2300CDD7A1;
			productRefGroup = 64924F0A2B186C2300CDD7A1 /* Products */;
			projectDirPath = "";
			projectRoot = "";
			targets = (
				64924F082B186C2300CDD7A1 /* Apple-Frameworks */,
			);
		};
/* End PBXProject section */

/* Begin PBXResourcesBuildPhase section */
		64924F072B186C2300CDD7A1 /* Resources */ = {
			isa = PBXResourcesBuildPhase;
			buildActionMask = 2147483647;
			files = (
				64924F142B186C2400CDD7A1 /* Preview Assets.xcassets in Resources */,
				64924F112B186C2400CDD7A1 /* Assets.xcassets in Resources */,
			);
			runOnlyForDeploymentPostprocessing = 0;
		};
/* End PBXResourcesBuildPhase section */

/* Begin PBXSourcesBuildPhase section */
		64924F052B186C2300CDD7A1 /* Sources */ = {
			isa = PBXSourcesBuildPhase;
			buildActionMask = 2147483647;
			files = (
				64924F1F2B187B2700CDD7A1 /* DetailScreen.swift in Sources */,
				64924F1D2B186EF300CDD7A1 /* FrameworkGridView.swift in Sources */,
				643EFFAB2B1C9C1700692E50 /* XDismissButton.swift in Sources */,
				64924F1B2B186C4000CDD7A1 /* Framework.swift in Sources */,
				64D434592B18A39B00F8946F /* AFButton.swift in Sources */,
				64924F0D2B186C2300CDD7A1 /* Apple_FrameworksApp.swift in Sources */,
				64971A8E2B18B0FC00BFC6A6 /* FrameworkGridViewModel.swift in Sources */,
				643EFFA92B1C9B7B00692E50 /* FrameworkTitleView.swift in Sources */,
				64825F292B19B468001AA928 /* SafariView.swift in Sources */,
			);
			runOnlyForDeploymentPostprocessing = 0;
		};
/* End PBXSourcesBuildPhase section */

/* Begin XCBuildConfiguration section */
		64924F152B186C2400CDD7A1 /* Debug */ = {
			isa = XCBuildConfiguration;
			buildSettings = {
				ALWAYS_SEARCH_USER_PATHS = NO;
				ASSETCATALOG_COMPILER_GENERATE_SWIFT_ASSET_SYMBOL_EXTENSIONS = YES;
				CLANG_ANALYZER_NONNULL = YES;
				CLANG_ANALYZER_NUMBER_OBJECT_CONVERSION = YES_AGGRESSIVE;
				CLANG_CXX_LANGUAGE_STANDARD = "gnu++20";
				CLANG_ENABLE_MODULES = YES;
				CLANG_ENABLE_OBJC_ARC = YES;
				CLANG_ENABLE_OBJC_WEAK = YES;
				CLANG_WARN_BLOCK_CAPTURE_AUTORELEASING = YES;
				CLANG_WARN_BOOL_CONVERSION = YES;
				CLANG_WARN_COMMA = YES;
				CLANG_WARN_CONSTANT_CONVERSION = YES;
				CLANG_WARN_DEPRECATED_OBJC_IMPLEMENTATIONS = YES;
				CLANG_WARN_DIRECT_OBJC_ISA_USAGE = YES_ERROR;
				CLANG_WARN_DOCUMENTATION_COMMENTS = YES;
				CLANG_WARN_EMPTY_BODY = YES;
				CLANG_WARN_ENUM_CONVERSION = YES;
				CLANG_WARN_INFINITE_RECURSION = YES;
				CLANG_WARN_INT_CONVERSION = YES;
				CLANG_WARN_NON_LITERAL_NULL_CONVERSION = YES;
				CLANG_WARN_OBJC_IMPLICIT_RETAIN_SELF = YES;
				CLANG_WARN_OBJC_LITERAL_CONVERSION = YES;
				CLANG_WARN_OBJC_ROOT_CLASS = YES_ERROR;
				CLANG_WARN_QUOTED_INCLUDE_IN_FRAMEWORK_HEADER = YES;
				CLANG_WARN_RANGE_LOOP_ANALYSIS = YES;
				CLANG_WARN_STRICT_PROTOTYPES = YES;
				CLANG_WARN_SUSPICIOUS_MOVE = YES;
				CLANG_WARN_UNGUARDED_AVAILABILITY = YES_AGGRESSIVE;
				CLANG_WARN_UNREACHABLE_CODE = YES;
				CLANG_WARN__DUPLICATE_METHOD_MATCH = YES;
				COPY_PHASE_STRIP = NO;
				DEBUG_INFORMATION_FORMAT = dwarf;
				ENABLE_STRICT_OBJC_MSGSEND = YES;
				ENABLE_TESTABILITY = YES;
				ENABLE_USER_SCRIPT_SANDBOXING = YES;
				GCC_C_LANGUAGE_STANDARD = gnu17;
				GCC_DYNAMIC_NO_PIC = NO;
				GCC_NO_COMMON_BLOCKS = YES;
				GCC_OPTIMIZATION_LEVEL = 0;
				GCC_PREPROCESSOR_DEFINITIONS = (
					"DEBUG=1",
					"$(inherited)",
				);
				GCC_WARN_64_TO_32_BIT_CONVERSION = YES;
				GCC_WARN_ABOUT_RETURN_TYPE = YES_ERROR;
				GCC_WARN_UNDECLARED_SELECTOR = YES;
				GCC_WARN_UNINITIALIZED_AUTOS = YES_AGGRESSIVE;
				GCC_WARN_UNUSED_FUNCTION = YES;
				GCC_WARN_UNUSED_VARIABLE = YES;
				IPHONEOS_DEPLOYMENT_TARGET = 15.0;
				LOCALIZATION_PREFERS_STRING_CATALOGS = YES;
				MTL_ENABLE_DEBUG_INFO = INCLUDE_SOURCE;
				MTL_FAST_MATH = YES;
				ONLY_ACTIVE_ARCH = YES;
				SDKROOT = iphoneos;
				SWIFT_ACTIVE_COMPILATION_CONDITIONS = "DEBUG $(inherited)";
				SWIFT_OPTIMIZATION_LEVEL = "-Onone";
			};
			name = Debug;
		};
		64924F162B186C2400CDD7A1 /* Release */ = {
			isa = XCBuildConfiguration;
			buildSettings = {
				ALWAYS_SEARCH_USER_PATHS = NO;
				ASSETCATALOG_COMPILER_GENERATE_SWIFT_ASSET_SYMBOL_EXTENSIONS = YES;
				CLANG_ANALYZER_NONNULL = YES;
				CLANG_ANALYZER_NUMBER_OBJECT_CONVERSION = YES_AGGRESSIVE;
				CLANG_CXX_LANGUAGE_STANDARD = "gnu++20";
				CLANG_ENABLE_MODULES = YES;
				CLANG_ENABLE_OBJC_ARC = YES;
				CLANG_ENABLE_OBJC_WEAK = YES;
				CLANG_WARN_BLOCK_CAPTURE_AUTORELEASING = YES;
				CLANG_WARN_BOOL_CONVERSION = YES;
				CLANG_WARN_COMMA = YES;
				CLANG_WARN_CONSTANT_CONVERSION = YES;
				CLANG_WARN_DEPRECATED_OBJC_IMPLEMENTATIONS = YES;
				CLANG_WARN_DIRECT_OBJC_ISA_USAGE = YES_ERROR;
				CLANG_WARN_DOCUMENTATION_COMMENTS = YES;
				CLANG_WARN_EMPTY_BODY = YES;
				CLANG_WARN_ENUM_CONVERSION = YES;
				CLANG_WARN_INFINITE_RECURSION = YES;
				CLANG_WARN_INT_CONVERSION = YES;
				CLANG_WARN_NON_LITERAL_NULL_CONVERSION = YES;
				CLANG_WARN_OBJC_IMPLICIT_RETAIN_SELF = YES;
				CLANG_WARN_OBJC_LITERAL_CONVERSION = YES;
				CLANG_WARN_OBJC_ROOT_CLASS = YES_ERROR;
				CLANG_WARN_QUOTED_INCLUDE_IN_FRAMEWORK_HEADER = YES;
				CLANG_WARN_RANGE_LOOP_ANALYSIS = YES;
				CLANG_WARN_STRICT_PROTOTYPES = YES;
				CLANG_WARN_SUSPICIOUS_MOVE = YES;
				CLANG_WARN_UNGUARDED_AVAILABILITY = YES_AGGRESSIVE;
				CLANG_WARN_UNREACHABLE_CODE = YES;
				CLANG_WARN__DUPLICATE_METHOD_MATCH = YES;
				COPY_PHASE_STRIP = NO;
				DEBUG_INFORMATION_FORMAT = "dwarf-with-dsym";
				ENABLE_NS_ASSERTIONS = NO;
				ENABLE_STRICT_OBJC_MSGSEND = YES;
				ENABLE_USER_SCRIPT_SANDBOXING = YES;
				GCC_C_LANGUAGE_STANDARD = gnu17;
				GCC_NO_COMMON_BLOCKS = YES;
				GCC_WARN_64_TO_32_BIT_CONVERSION = YES;
				GCC_WARN_ABOUT_RETURN_TYPE = YES_ERROR;
				GCC_WARN_UNDECLARED_SELECTOR = YES;
				GCC_WARN_UNINITIALIZED_AUTOS = YES_AGGRESSIVE;
				GCC_WARN_UNUSED_FUNCTION = YES;
				GCC_WARN_UNUSED_VARIABLE = YES;
				IPHONEOS_DEPLOYMENT_TARGET = 15.0;
				LOCALIZATION_PREFERS_STRING_CATALOGS = YES;
				MTL_ENABLE_DEBUG_INFO = NO;
				MTL_FAST_MATH = YES;
				SDKROOT = iphoneos;
				SWIFT_COMPILATION_MODE = wholemodule;
				VALIDATE_PRODUCT = YES;
			};
			name = Release;
		};
		64924F182B186C2400CDD7A1 /* Debug */ = {
			isa = XCBuildConfiguration;
			buildSettings = {
				ASSETCATALOG_COMPILER_APPICON_NAME = AppIcon;
				ASSETCATALOG_COMPILER_GLOBAL_ACCENT_COLOR_NAME = AccentColor;
				CODE_SIGN_STYLE = Automatic;
				CURRENT_PROJECT_VERSION = 1;
				DEVELOPMENT_ASSET_PATHS = "\"Apple-Frameworks/Preview Content\"";
				DEVELOPMENT_TEAM = 9R7QV3Z8T3;
				ENABLE_PREVIEWS = YES;
				GENERATE_INFOPLIST_FILE = YES;
				INFOPLIST_KEY_CFBundleDisplayName = "Apple Framework";
				INFOPLIST_KEY_UIApplicationSceneManifest_Generation = YES;
				INFOPLIST_KEY_UIApplicationSupportsIndirectInputEvents = YES;
				INFOPLIST_KEY_UILaunchScreen_Generation = YES;
				INFOPLIST_KEY_UISupportedInterfaceOrientations_iPad = "UIInterfaceOrientationPortrait UIInterfaceOrientationPortraitUpsideDown UIInterfaceOrientationLandscapeLeft UIInterfaceOrientationLandscapeRight";
				INFOPLIST_KEY_UISupportedInterfaceOrientations_iPhone = "UIInterfaceOrientationPortrait UIInterfaceOrientationLandscapeLeft UIInterfaceOrientationLandscapeRight";
				IPHONEOS_DEPLOYMENT_TARGET = 15.0;
				LD_RUNPATH_SEARCH_PATHS = (
					"$(inherited)",
					"@executable_path/Frameworks",
				);
				MARKETING_VERSION = 1.0;
				PRODUCT_BUNDLE_IDENTIFIER = "testSujan.Apple-Frameworks";
				PRODUCT_NAME = "$(TARGET_NAME)";
				SWIFT_EMIT_LOC_STRINGS = YES;
				SWIFT_VERSION = 5.0;
				TARGETED_DEVICE_FAMILY = "1,2";
			};
			name = Debug;
		};
		64924F192B186C2400CDD7A1 /* Release */ = {
			isa = XCBuildConfiguration;
			buildSettings = {
				ASSETCATALOG_COMPILER_APPICON_NAME = AppIcon;
				ASSETCATALOG_COMPILER_GLOBAL_ACCENT_COLOR_NAME = AccentColor;
				CODE_SIGN_STYLE = Automatic;
				CURRENT_PROJECT_VERSION = 1;
				DEVELOPMENT_ASSET_PATHS = "\"Apple-Frameworks/Preview Content\"";
				DEVELOPMENT_TEAM = 9R7QV3Z8T3;
				ENABLE_PREVIEWS = YES;
				GENERATE_INFOPLIST_FILE = YES;
				INFOPLIST_KEY_CFBundleDisplayName = "Apple Framework";
				INFOPLIST_KEY_UIApplicationSceneManifest_Generation = YES;
				INFOPLIST_KEY_UIApplicationSupportsIndirectInputEvents = YES;
				INFOPLIST_KEY_UILaunchScreen_Generation = YES;
				INFOPLIST_KEY_UISupportedInterfaceOrientations_iPad = "UIInterfaceOrientationPortrait UIInterfaceOrientationPortraitUpsideDown UIInterfaceOrientationLandscapeLeft UIInterfaceOrientationLandscapeRight";
				INFOPLIST_KEY_UISupportedInterfaceOrientations_iPhone = "UIInterfaceOrientationPortrait UIInterfaceOrientationLandscapeLeft UIInterfaceOrientationLandscapeRight";
				IPHONEOS_DEPLOYMENT_TARGET = 15.0;
				LD_RUNPATH_SEARCH_PATHS = (
					"$(inherited)",
					"@executable_path/Frameworks",
				);
				MARKETING_VERSION = 1.0;
				PRODUCT_BUNDLE_IDENTIFIER = "testSujan.Apple-Frameworks";
				PRODUCT_NAME = "$(TARGET_NAME)";
				SWIFT_EMIT_LOC_STRINGS = YES;
				SWIFT_VERSION = 5.0;
				TARGETED_DEVICE_FAMILY = "1,2";
			};
			name = Release;
		};
/* End XCBuildConfiguration section */

/* Begin XCConfigurationList section */
		64924F042B186C2300CDD7A1 /* Build configuration list for PBXProject "Apple-Frameworks" */ = {
			isa = XCConfigurationList;
			buildConfigurations = (
				64924F152B186C2400CDD7A1 /* Debug */,
				64924F162B186C2400CDD7A1 /* Release */,
			);
			defaultConfigurationIsVisible = 0;
			defaultConfigurationName = Debug;
		};
		64924F172B186C2400CDD7A1 /* Build configuration list for PBXNativeTarget "Apple-Frameworks" */ = {
			isa = XCConfigurationList;
			buildConfigurations = (
				64924F182B186C2400CDD7A1 /* Debug */,
				64924F192B186C2400CDD7A1 /* Release */,
			);
			defaultConfigurationIsVisible = 0;
			defaultConfigurationName = Debug;
		};
/* End XCConfigurationList section */
	};
	rootObject = 64924F012B186C2300CDD7A1 /* Project object */;
}
